
Microsoft Visual Studio Solution File, Format Version 12.00
# Visual Studio 15
VisualStudioVersion = 15.0.28307.271
MinimumVisualStudioVersion = 10.0.40219.1
Project("{9A19103F-16F7-4668-BE54-9A1E7A4F7556}") = "bMovieTracker.Domain", "bMovieTracker.Domain\bMovieTracker.Domain.csproj", "{9954D904-F7FE-43DA-81FB-79DD4B08A3D4}"
EndProject
Project("{9A19103F-16F7-4668-BE54-9A1E7A4F7556}") = "bMovieTracker.Data", "bMovieTracker.Data\bMovieTracker.Data.csproj", "{46171905-3BC9-4A17-99AF-A19F27E652D6}"
EndProject
Project("{9A19103F-16F7-4668-BE54-9A1E7A4F7556}") = "bMovieTracker.Api", "bMovieTracker.Api\bMovieTracker.Api.csproj", "{9D5C41AA-43C3-43E8-A413-CE57D9721EF7}"
EndProject
Project("{9A19103F-16F7-4668-BE54-9A1E7A4F7556}") = "bMovieTracker.App", "bMovieTracker.App\bMovieTracker.App.csproj", "{5927C268-3380-49DA-ADEF-D664B8349F7D}"
EndProject
Project("{9A19103F-16F7-4668-BE54-9A1E7A4F7556}") = "bMovieTracker.MVC", "bMovieTracker.MVC\bMovieTracker.MVC.csproj", "{8B1AFD53-17D5-4D15-B847-C08BB04ECDC5}"
EndProject
Project("{9A19103F-16F7-4668-BE54-9A1E7A4F7556}") = "bMovieTracker.Identity", "bMovieTracker.Identity\bMovieTracker.Identity.csproj", "{3A25BEC6-615A-4E4F-87FB-4BD7C3F3823D}"
EndProject
Project("{FAE04EC0-301F-11D3-BF4B-00C04F79EFBC}") = "bMovieTracker.Api.Test", "bMovieTracker.Api.Test\bMovieTracker.Api.Test.csproj", "{7125B1E1-B888-4DB8-96A8-96D1BC63C7D8}"
EndProject
Global
	GlobalSection(SolutionConfigurationPlatforms) = preSolution
		Debug|Any CPU = Debug|Any CPU
		Release|Any CPU = Release|Any CPU
	EndGlobalSection
	GlobalSection(ProjectConfigurationPlatforms) = postSolution
		{9954D904-F7FE-43DA-81FB-79DD4B08A3D4}.Debug|Any CPU.ActiveCfg = Debug|Any CPU
		{9954D904-F7FE-43DA-81FB-79DD4B08A3D4}.Debug|Any CPU.Build.0 = Debug|Any CPU
		{9954D904-F7FE-43DA-81FB-79DD4B08A3D4}.Release|Any CPU.ActiveCfg = Release|Any CPU
		{9954D904-F7FE-43DA-81FB-79DD4B08A3D4}.Release|Any CPU.Build.0 = Release|Any CPU
		{46171905-3BC9-4A17-99AF-A19F27E652D6}.Debug|Any CPU.ActiveCfg = Debug|Any CPU
		{46171905-3BC9-4A17-99AF-A19F27E652D6}.Debug|Any CPU.Build.0 = Debug|Any CPU
		{46171905-3BC9-4A17-99AF-A19F27E652D6}.Release|Any CPU.ActiveCfg = Release|Any CPU
		{46171905-3BC9-4A17-99AF-A19F27E652D6}.Release|Any CPU.Build.0 = Release|Any CPU
		{9D5C41AA-43C3-43E8-A413-CE57D9721EF7}.Debug|Any CPU.ActiveCfg = Debug|Any CPU
		{9D5C41AA-43C3-43E8-A413-CE57D9721EF7}.Debug|Any CPU.Build.0 = Debug|Any CPU
		{9D5C41AA-43C3-43E8-A413-CE57D9721EF7}.Release|Any CPU.ActiveCfg = Release|Any CPU
		{9D5C41AA-43C3-43E8-A413-CE57D9721EF7}.Release|Any CPU.Build.0 = Release|Any CPU
		{5927C268-3380-49DA-ADEF-D664B8349F7D}.Debug|Any CPU.ActiveCfg = Debug|Any CPU
		{5927C268-3380-49DA-ADEF-D664B8349F7D}.Debug|Any CPU.Build.0 = Debug|Any CPU
		{5927C268-3380-49DA-ADEF-D664B8349F7D}.Release|Any CPU.ActiveCfg = Release|Any CPU
		{5927C268-3380-49DA-ADEF-D664B8349F7D}.Release|Any CPU.Build.0 = Release|Any CPU
		{8B1AFD53-17D5-4D15-B847-C08BB04ECDC5}.Debug|Any CPU.ActiveCfg = Debug|Any CPU
		{8B1AFD53-17D5-4D15-B847-C08BB04ECDC5}.Debug|Any CPU.Build.0 = Debug|Any CPU
		{8B1AFD53-17D5-4D15-B847-C08BB04ECDC5}.Release|Any CPU.ActiveCfg = Release|Any CPU
		{8B1AFD53-17D5-4D15-B847-C08BB04ECDC5}.Release|Any CPU.Build.0 = Release|Any CPU
		{3A25BEC6-615A-4E4F-87FB-4BD7C3F3823D}.Debug|Any CPU.ActiveCfg = Debug|Any CPU
		{3A25BEC6-615A-4E4F-87FB-4BD7C3F3823D}.Debug|Any CPU.Build.0 = Debug|Any CPU
		{3A25BEC6-615A-4E4F-87FB-4BD7C3F3823D}.Release|Any CPU.ActiveCfg = Release|Any CPU
		{3A25BEC6-615A-4E4F-87FB-4BD7C3F3823D}.Release|Any CPU.Build.0 = Release|Any CPU
		{7125B1E1-B888-4DB8-96A8-96D1BC63C7D8}.Debug|Any CPU.ActiveCfg = Debug|Any CPU
		{7125B1E1-B888-4DB8-96A8-96D1BC63C7D8}.Debug|Any CPU.Build.0 = Debug|Any CPU
		{7125B1E1-B888-4DB8-96A8-96D1BC63C7D8}.Release|Any CPU.ActiveCfg = Release|Any CPU
		{7125B1E1-B888-4DB8-96A8-96D1BC63C7D8}.Release|Any CPU.Build.0 = Release|Any CPU
	EndGlobalSection
	GlobalSection(SolutionProperties) = preSolution
		HideSolutionNode = FALSE
	EndGlobalSection
	GlobalSection(ExtensibilityGlobals) = postSolution
		SolutionGuid = {255E390F-F4DB-4F16-AA48-4481CC20FB85}
	EndGlobalSection
EndGlobal
